<?xml version="1.0" encoding="utf-8"?>
<Project ToolsVersion="17.0" xmlns="http://schemas.microsoft.com/developer/msbuild/2003">
  <ItemGroup>
    <CustomBuild Include="C:\Users\Admin\Desktop\PROGRAMMAZIONE VIDEOGIOCHI\TicTacToe\TicTacToe\build\CMakeFiles\1437fffb3adc9c936ca699bb59f3b9ee\generate.stamp.rule">
      <Filter>CMake Rules</Filter>
    </CustomBuild>
  </ItemGroup>
  <ItemGroup>
    <Filter Include="CMake Rules">
      <UniqueIdentifier>{F6BA633B-18A2-30C4-99DF-5EC8BF3BD78C}</UniqueIdentifier>
    </Filter>
  </ItemGroup>
</Project>
